// !$*UTF8*$!
{
	archiveVersion = 1;
	classes = {
	};
	objectVersion = 56;
	objects = {

/* Begin PBXBuildFile section */
		038DC5172D2FFAB600CCAF30 /* AppDelegate.swift in Sources */ = {isa = PBXBuildFile; fileRef = 038DC5162D2FFAB600CCAF30 /* AppDelegate.swift */; };
		038DC5192D2FFAB600CCAF30 /* SceneDelegate.swift in Sources */ = {isa = PBXBuildFile; fileRef = 038DC5182D2FFAB600CCAF30 /* SceneDelegate.swift */; };
		038DC51B2D2FFAB600CCAF30 /* ViewController.swift in Sources */ = {isa = PBXBuildFile; fileRef = 038DC51A2D2FFAB600CCAF30 /* ViewController.swift */; };
		038DC51E2D2FFAB600CCAF30 /* Base in Resources */ = {isa = PBXBuildFile; fileRef = 038DC51D2D2FFAB600CCAF30 /* Base */; };
		038DC5202D2FFAB800CCAF30 /* Assets.xcassets in Resources */ = {isa = PBXBuildFile; fileRef = 038DC51F2D2FFAB800CCAF30 /* Assets.xcassets */; };
		038DC5232D2FFAB800CCAF30 /* Base in Resources */ = {isa = PBXBuildFile; fileRef = 038DC5222D2FFAB800CCAF30 /* Base */; };
		038DC5352D2FFB2000CCAF30 /* ApiPaths.swift in Sources */ = {isa = PBXBuildFile; fileRef = 038DC52A2D2FFB1F00CCAF30 /* ApiPaths.swift */; };
		038DC5362D2FFB2000CCAF30 /* CodableResponseServiceClass.swift in Sources */ = {isa = PBXBuildFile; fileRef = 038DC52B2D2FFB1F00CCAF30 /* CodableResponseServiceClass.swift */; };
		038DC5372D2FFB2000CCAF30 /* RequestBodyParamService.swift in Sources */ = {isa = PBXBuildFile; fileRef = 038DC52C2D2FFB1F00CCAF30 /* RequestBodyParamService.swift */; };
		038DC5382D2FFB2000CCAF30 /* UploadMediaModel.swift in Sources */ = {isa = PBXBuildFile; fileRef = 038DC52D2D2FFB1F00CCAF30 /* UploadMediaModel.swift */; };
		038DC5392D2FFB2000CCAF30 /* UrlServiceConstant.swift in Sources */ = {isa = PBXBuildFile; fileRef = 038DC52E2D2FFB1F00CCAF30 /* UrlServiceConstant.swift */; };
		038DC53A2D2FFB2000CCAF30 /* Webservices+Extension.swift in Sources */ = {isa = PBXBuildFile; fileRef = 038DC52F2D2FFB1F00CCAF30 /* Webservices+Extension.swift */; };
		038DC53B2D2FFB2000CCAF30 /* URLSessionRequestManager.swift in Sources */ = {isa = PBXBuildFile; fileRef = 038DC5312D2FFB1F00CCAF30 /* URLSessionRequestManager.swift */; };
		038DC53C2D2FFB2000CCAF30 /* WebServicesSubclass.swift in Sources */ = {isa = PBXBuildFile; fileRef = 038DC5322D2FFB1F00CCAF30 /* WebServicesSubclass.swift */; };
/* End PBXBuildFile section */

/* Begin PBXFileReference section */
		038DC5132D2FFAB600CCAF30 /* APIManager.app */ = {isa = PBXFileReference; explicitFileType = wrapper.application; includeInIndex = 0; path = APIManager.app; sourceTree = BUILT_PRODUCTS_DIR; };
		038DC5162D2FFAB600CCAF30 /* AppDelegate.swift */ = {isa = PBXFileReference; lastKnownFileType = sourcecode.swift; path = AppDelegate.swift; sourceTree = "<group>"; };
		038DC5182D2FFAB600CCAF30 /* SceneDelegate.swift */ = {isa = PBXFileReference; lastKnownFileType = sourcecode.swift; path = SceneDelegate.swift; sourceTree = "<group>"; };
		038DC51A2D2FFAB600CCAF30 /* ViewController.swift */ = {isa = PBXFileReference; lastKnownFileType = sourcecode.swift; path = ViewController.swift; sourceTree = "<group>"; };
		038DC51D2D2FFAB600CCAF30 /* Base */ = {isa = PBXFileReference; lastKnownFileType = file.storyboard; name = Base; path = Base.lproj/Main.storyboard; sourceTree = "<group>"; };
		038DC51F2D2FFAB800CCAF30 /* Assets.xcassets */ = {isa = PBXFileReference; lastKnownFileType = folder.assetcatalog; path = Assets.xcassets; sourceTree = "<group>"; };
		038DC5222D2FFAB800CCAF30 /* Base */ = {isa = PBXFileReference; lastKnownFileType = file.storyboard; name = Base; path = Base.lproj/LaunchScreen.storyboard; sourceTree = "<group>"; };
		038DC5242D2FFAB800CCAF30 /* Info.plist */ = {isa = PBXFileReference; lastKnownFileType = text.plist.xml; path = Info.plist; sourceTree = "<group>"; };
		038DC52A2D2FFB1F00CCAF30 /* ApiPaths.swift */ = {isa = PBXFileReference; fileEncoding = 4; lastKnownFileType = sourcecode.swift; path = ApiPaths.swift; sourceTree = "<group>"; };
		038DC52B2D2FFB1F00CCAF30 /* CodableResponseServiceClass.swift */ = {isa = PBXFileReference; fileEncoding = 4; lastKnownFileType = sourcecode.swift; path = CodableResponseServiceClass.swift; sourceTree = "<group>"; };
		038DC52C2D2FFB1F00CCAF30 /* RequestBodyParamService.swift */ = {isa = PBXFileReference; fileEncoding = 4; lastKnownFileType = sourcecode.swift; path = RequestBodyParamService.swift; sourceTree = "<group>"; };
		038DC52D2D2FFB1F00CCAF30 /* UploadMediaModel.swift */ = {isa = PBXFileReference; fileEncoding = 4; lastKnownFileType = sourcecode.swift; path = UploadMediaModel.swift; sourceTree = "<group>"; };
		038DC52E2D2FFB1F00CCAF30 /* UrlServiceConstant.swift */ = {isa = PBXFileReference; fileEncoding = 4; lastKnownFileType = sourcecode.swift; path = UrlServiceConstant.swift; sourceTree = "<group>"; };
		038DC52F2D2FFB1F00CCAF30 /* Webservices+Extension.swift */ = {isa = PBXFileReference; fileEncoding = 4; lastKnownFileType = sourcecode.swift; path = "Webservices+Extension.swift"; sourceTree = "<group>"; };
		038DC5312D2FFB1F00CCAF30 /* URLSessionRequestManager.swift */ = {isa = PBXFileReference; fileEncoding = 4; lastKnownFileType = sourcecode.swift; path = URLSessionRequestManager.swift; sourceTree = "<group>"; };
		038DC5322D2FFB1F00CCAF30 /* WebServicesSubclass.swift */ = {isa = PBXFileReference; fileEncoding = 4; lastKnownFileType = sourcecode.swift; path = WebServicesSubclass.swift; sourceTree = "<group>"; };
/* End PBXFileReference section */

/* Begin PBXFrameworksBuildPhase section */
		038DC5102D2FFAB600CCAF30 /* Frameworks */ = {
			isa = PBXFrameworksBuildPhase;
			buildActionMask = 2147483647;
			files = (
			);
			runOnlyForDeploymentPostprocessing = 0;
		};
/* End PBXFrameworksBuildPhase section */

/* Begin PBXGroup section */
		038DC50A2D2FFAB600CCAF30 = {
			isa = PBXGroup;
			children = (
				038DC5152D2FFAB600CCAF30 /* APIManager */,
				038DC5142D2FFAB600CCAF30 /* Products */,
			);
			sourceTree = "<group>";
		};
		038DC5142D2FFAB600CCAF30 /* Products */ = {
			isa = PBXGroup;
			children = (
				038DC5132D2FFAB600CCAF30 /* APIManager.app */,
			);
			name = Products;
			sourceTree = "<group>";
		};
		038DC5152D2FFAB600CCAF30 /* APIManager */ = {
			isa = PBXGroup;
			children = (
				038DC5342D2FFB1F00CCAF30 /* WebServices */,
				038DC5162D2FFAB600CCAF30 /* AppDelegate.swift */,
				038DC5182D2FFAB600CCAF30 /* SceneDelegate.swift */,
				038DC51A2D2FFAB600CCAF30 /* ViewController.swift */,
				038DC51C2D2FFAB600CCAF30 /* Main.storyboard */,
				038DC51F2D2FFAB800CCAF30 /* Assets.xcassets */,
				038DC5212D2FFAB800CCAF30 /* LaunchScreen.storyboard */,
				038DC5242D2FFAB800CCAF30 /* Info.plist */,
			);
			path = APIManager;
			sourceTree = "<group>";
		};
		038DC5302D2FFB1F00CCAF30 /* Helpers */ = {
			isa = PBXGroup;
			children = (
				038DC52A2D2FFB1F00CCAF30 /* ApiPaths.swift */,
				038DC52B2D2FFB1F00CCAF30 /* CodableResponseServiceClass.swift */,
				038DC52C2D2FFB1F00CCAF30 /* RequestBodyParamService.swift */,
				038DC52D2D2FFB1F00CCAF30 /* UploadMediaModel.swift */,
				038DC52E2D2FFB1F00CCAF30 /* UrlServiceConstant.swift */,
				038DC52F2D2FFB1F00CCAF30 /* Webservices+Extension.swift */,
			);
			path = Helpers;
			sourceTree = "<group>";
		};
		038DC5332D2FFB1F00CCAF30 /* Service Request */ = {
			isa = PBXGroup;
			children = (
				038DC5312D2FFB1F00CCAF30 /* URLSessionRequestManager.swift */,
				038DC5322D2FFB1F00CCAF30 /* WebServicesSubclass.swift */,
			);
			path = "Service Request";
			sourceTree = "<group>";
		};
		038DC5342D2FFB1F00CCAF30 /* WebServices */ = {
			isa = PBXGroup;
			children = (
				038DC5302D2FFB1F00CCAF30 /* Helpers */,
				038DC5332D2FFB1F00CCAF30 /* Service Request */,
			);
			path = WebServices;
			sourceTree = "<group>";
		};
/* End PBXGroup section */

/* Begin PBXNativeTarget section */
		038DC5122D2FFAB600CCAF30 /* APIManager */ = {
			isa = PBXNativeTarget;
			buildConfigurationList = 038DC5272D2FFAB800CCAF30 /* Build configuration list for PBXNativeTarget "APIManager" */;
			buildPhases = (
				038DC50F2D2FFAB600CCAF30 /* Sources */,
				038DC5102D2FFAB600CCAF30 /* Frameworks */,
				038DC5112D2FFAB600CCAF30 /* Resources */,
			);
			buildRules = (
			);
			dependencies = (
			);
			name = APIManager;
			productName = APIManager;
			productReference = 038DC5132D2FFAB600CCAF30 /* APIManager.app */;
			productType = "com.apple.product-type.application";
		};
/* End PBXNativeTarget section */

/* Begin PBXProject section */
		038DC50B2D2FFAB600CCAF30 /* Project object */ = {
			isa = PBXProject;
			attributes = {
				BuildIndependentTargetsInParallel = 1;
				LastSwiftUpdateCheck = 1530;
				LastUpgradeCheck = 1530;
				TargetAttributes = {
					038DC5122D2FFAB600CCAF30 = {
						CreatedOnToolsVersion = 15.3;
					};
				};
			};
			buildConfigurationList = 038DC50E2D2FFAB600CCAF30 /* Build configuration list for PBXProject "APIManager" */;
			compatibilityVersion = "Xcode 14.0";
			developmentRegion = en;
			hasScannedForEncodings = 0;
			knownRegions = (
				en,
				Base,
			);
			mainGroup = 038DC50A2D2FFAB600CCAF30;
			productRefGroup = 038DC5142D2FFAB600CCAF30 /* Products */;
			projectDirPath = "";
			projectRoot = "";
			targets = (
				038DC5122D2FFAB600CCAF30 /* APIManager */,
			);
		};
/* End PBXProject section */

/* Begin PBXResourcesBuildPhase section */
		038DC5112D2FFAB600CCAF30 /* Resources */ = {
			isa = PBXResourcesBuildPhase;
			buildActionMask = 2147483647;
			files = (
				038DC5202D2FFAB800CCAF30 /* Assets.xcassets in Resources */,
				038DC5232D2FFAB800CCAF30 /* Base in Resources */,
				038DC51E2D2FFAB600CCAF30 /* Base in Resources */,
			);
			runOnlyForDeploymentPostprocessing = 0;
		};
/* End PBXResourcesBuildPhase section */

/* Begin PBXSourcesBuildPhase section */
		038DC50F2D2FFAB600CCAF30 /* Sources */ = {
			isa = PBXSourcesBuildPhase;
			buildActionMask = 2147483647;
			files = (
				038DC53C2D2FFB2000CCAF30 /* WebServicesSubclass.swift in Sources */,
				038DC51B2D2FFAB600CCAF30 /* ViewController.swift in Sources */,
				038DC5392D2FFB2000CCAF30 /* UrlServiceConstant.swift in Sources */,
				038DC5382D2FFB2000CCAF30 /* UploadMediaModel.swift in Sources */,
				038DC5372D2FFB2000CCAF30 /* RequestBodyParamService.swift in Sources */,
				038DC53B2D2FFB2000CCAF30 /* URLSessionRequestManager.swift in Sources */,
				038DC5362D2FFB2000CCAF30 /* CodableResponseServiceClass.swift in Sources */,
				038DC5172D2FFAB600CCAF30 /* AppDelegate.swift in Sources */,
				038DC5192D2FFAB600CCAF30 /* SceneDelegate.swift in Sources */,
				038DC5352D2FFB2000CCAF30 /* ApiPaths.swift in Sources */,
				038DC53A2D2FFB2000CCAF30 /* Webservices+Extension.swift in Sources */,
			);
			runOnlyForDeploymentPostprocessing = 0;
		};
/* End PBXSourcesBuildPhase section */

/* Begin PBXVariantGroup section */
		038DC51C2D2FFAB600CCAF30 /* Main.storyboard */ = {
			isa = PBXVariantGroup;
			children = (
				038DC51D2D2FFAB600CCAF30 /* Base */,
			);
			name = Main.storyboard;
			sourceTree = "<group>";
		};
		038DC5212D2FFAB800CCAF30 /* LaunchScreen.storyboard */ = {
			isa = PBXVariantGroup;
			children = (
				038DC5222D2FFAB800CCAF30 /* Base */,
			);
			name = LaunchScreen.storyboard;
			sourceTree = "<group>";
		};
/* End PBXVariantGroup section */

/* Begin XCBuildConfiguration section */
		038DC5252D2FFAB800CCAF30 /* Debug */ = {
			isa = XCBuildConfiguration;
			buildSettings = {
				ALWAYS_SEARCH_USER_PATHS = NO;
				ASSETCATALOG_COMPILER_GENERATE_SWIFT_ASSET_SYMBOL_EXTENSIONS = YES;
				CLANG_ANALYZER_NONNULL = YES;
				CLANG_ANALYZER_NUMBER_OBJECT_CONVERSION = YES_AGGRESSIVE;
				CLANG_CXX_LANGUAGE_STANDARD = "gnu++20";
				CLANG_ENABLE_MODULES = YES;
				CLANG_ENABLE_OBJC_ARC = YES;
				CLANG_ENABLE_OBJC_WEAK = YES;
				CLANG_WARN_BLOCK_CAPTURE_AUTORELEASING = YES;
				CLANG_WARN_BOOL_CONVERSION = YES;
				CLANG_WARN_COMMA = YES;
				CLANG_WARN_CONSTANT_CONVERSION = YES;
				CLANG_WARN_DEPRECATED_OBJC_IMPLEMENTATIONS = YES;
				CLANG_WARN_DIRECT_OBJC_ISA_USAGE = YES_ERROR;
				CLANG_WARN_DOCUMENTATION_COMMENTS = YES;
				CLANG_WARN_EMPTY_BODY = YES;
				CLANG_WARN_ENUM_CONVERSION = YES;
				CLANG_WARN_INFINITE_RECURSION = YES;
				CLANG_WARN_INT_CONVERSION = YES;
				CLANG_WARN_NON_LITERAL_NULL_CONVERSION = YES;
				CLANG_WARN_OBJC_IMPLICIT_RETAIN_SELF = YES;
				CLANG_WARN_OBJC_LITERAL_CONVERSION = YES;
				CLANG_WARN_OBJC_ROOT_CLASS = YES_ERROR;
				CLANG_WARN_QUOTED_INCLUDE_IN_FRAMEWORK_HEADER = YES;
				CLANG_WARN_RANGE_LOOP_ANALYSIS = YES;
				CLANG_WARN_STRICT_PROTOTYPES = YES;
				CLANG_WARN_SUSPICIOUS_MOVE = YES;
				CLANG_WARN_UNGUARDED_AVAILABILITY = YES_AGGRESSIVE;
				CLANG_WARN_UNREACHABLE_CODE = YES;
				CLANG_WARN__DUPLICATE_METHOD_MATCH = YES;
				COPY_PHASE_STRIP = NO;
				DEBUG_INFORMATION_FORMAT = dwarf;
				ENABLE_STRICT_OBJC_MSGSEND = YES;
				ENABLE_TESTABILITY = YES;
				ENABLE_USER_SCRIPT_SANDBOXING = YES;
				GCC_C_LANGUAGE_STANDARD = gnu17;
				GCC_DYNAMIC_NO_PIC = NO;
				GCC_NO_COMMON_BLOCKS = YES;
				GCC_OPTIMIZATION_LEVEL = 0;
				GCC_PREPROCESSOR_DEFINITIONS = (
					"DEBUG=1",
					"$(inherited)",
				);
				GCC_WARN_64_TO_32_BIT_CONVERSION = YES;
				GCC_WARN_ABOUT_RETURN_TYPE = YES_ERROR;
				GCC_WARN_UNDECLARED_SELECTOR = YES;
				GCC_WARN_UNINITIALIZED_AUTOS = YES_AGGRESSIVE;
				GCC_WARN_UNUSED_FUNCTION = YES;
				GCC_WARN_UNUSED_VARIABLE = YES;
				IPHONEOS_DEPLOYMENT_TARGET = 17.4;
				LOCALIZATION_PREFERS_STRING_CATALOGS = YES;
				MTL_ENABLE_DEBUG_INFO = INCLUDE_SOURCE;
				MTL_FAST_MATH = YES;
				ONLY_ACTIVE_ARCH = YES;
				SDKROOT = iphoneos;
				SWIFT_ACTIVE_COMPILATION_CONDITIONS = "DEBUG $(inherited)";
				SWIFT_OPTIMIZATION_LEVEL = "-Onone";
			};
			name = Debug;
		};
		038DC5262D2FFAB800CCAF30 /* Release */ = {
			isa = XCBuildConfiguration;
			buildSettings = {
				ALWAYS_SEARCH_USER_PATHS = NO;
				ASSETCATALOG_COMPILER_GENERATE_SWIFT_ASSET_SYMBOL_EXTENSIONS = YES;
				CLANG_ANALYZER_NONNULL = YES;
				CLANG_ANALYZER_NUMBER_OBJECT_CONVERSION = YES_AGGRESSIVE;
				CLANG_CXX_LANGUAGE_STANDARD = "gnu++20";
				CLANG_ENABLE_MODULES = YES;
				CLANG_ENABLE_OBJC_ARC = YES;
				CLANG_ENABLE_OBJC_WEAK = YES;
				CLANG_WARN_BLOCK_CAPTURE_AUTORELEASING = YES;
				CLANG_WARN_BOOL_CONVERSION = YES;
				CLANG_WARN_COMMA = YES;
				CLANG_WARN_CONSTANT_CONVERSION = YES;
				CLANG_WARN_DEPRECATED_OBJC_IMPLEMENTATIONS = YES;
				CLANG_WARN_DIRECT_OBJC_ISA_USAGE = YES_ERROR;
				CLANG_WARN_DOCUMENTATION_COMMENTS = YES;
				CLANG_WARN_EMPTY_BODY = YES;
				CLANG_WARN_ENUM_CONVERSION = YES;
				CLANG_WARN_INFINITE_RECURSION = YES;
				CLANG_WARN_INT_CONVERSION = YES;
				CLANG_WARN_NON_LITERAL_NULL_CONVERSION = YES;
				CLANG_WARN_OBJC_IMPLICIT_RETAIN_SELF = YES;
				CLANG_WARN_OBJC_LITERAL_CONVERSION = YES;
				CLANG_WARN_OBJC_ROOT_CLASS = YES_ERROR;
				CLANG_WARN_QUOTED_INCLUDE_IN_FRAMEWORK_HEADER = YES;
				CLANG_WARN_RANGE_LOOP_ANALYSIS = YES;
				CLANG_WARN_STRICT_PROTOTYPES = YES;
				CLANG_WARN_SUSPICIOUS_MOVE = YES;
				CLANG_WARN_UNGUARDED_AVAILABILITY = YES_AGGRESSIVE;
				CLANG_WARN_UNREACHABLE_CODE = YES;
				CLANG_WARN__DUPLICATE_METHOD_MATCH = YES;
				COPY_PHASE_STRIP = NO;
				DEBUG_INFORMATION_FORMAT = "dwarf-with-dsym";
				ENABLE_NS_ASSERTIONS = NO;
				ENABLE_STRICT_OBJC_MSGSEND = YES;
				ENABLE_USER_SCRIPT_SANDBOXING = YES;
				GCC_C_LANGUAGE_STANDARD = gnu17;
				GCC_NO_COMMON_BLOCKS = YES;
				GCC_WARN_64_TO_32_BIT_CONVERSION = YES;
				GCC_WARN_ABOUT_RETURN_TYPE = YES_ERROR;
				GCC_WARN_UNDECLARED_SELECTOR = YES;
				GCC_WARN_UNINITIALIZED_AUTOS = YES_AGGRESSIVE;
				GCC_WARN_UNUSED_FUNCTION = YES;
				GCC_WARN_UNUSED_VARIABLE = YES;
				IPHONEOS_DEPLOYMENT_TARGET = 17.4;
				LOCALIZATION_PREFERS_STRING_CATALOGS = YES;
				MTL_ENABLE_DEBUG_INFO = NO;
				MTL_FAST_MATH = YES;
				SDKROOT = iphoneos;
				SWIFT_COMPILATION_MODE = wholemodule;
				VALIDATE_PRODUCT = YES;
			};
			name = Release;
		};
		038DC5282D2FFAB800CCAF30 /* Debug */ = {
			isa = XCBuildConfiguration;
			buildSettings = {
				ASSETCATALOG_COMPILER_APPICON_NAME = AppIcon;
				ASSETCATALOG_COMPILER_GLOBAL_ACCENT_COLOR_NAME = AccentColor;
				CODE_SIGN_STYLE = Automatic;
				CURRENT_PROJECT_VERSION = 1;
				GENERATE_INFOPLIST_FILE = YES;
				INFOPLIST_FILE = APIManager/Info.plist;
				INFOPLIST_KEY_UIApplicationSupportsIndirectInputEvents = YES;
				INFOPLIST_KEY_UILaunchStoryboardName = LaunchScreen;
				INFOPLIST_KEY_UIMainStoryboardFile = Main;
				INFOPLIST_KEY_UISupportedInterfaceOrientations_iPad = "UIInterfaceOrientationPortrait UIInterfaceOrientationPortraitUpsideDown UIInterfaceOrientationLandscapeLeft UIInterfaceOrientationLandscapeRight";
				INFOPLIST_KEY_UISupportedInterfaceOrientations_iPhone = "UIInterfaceOrientationPortrait UIInterfaceOrientationLandscapeLeft UIInterfaceOrientationLandscapeRight";
				LD_RUNPATH_SEARCH_PATHS = (
					"$(inherited)",
					"@executable_path/Frameworks",
				);
				MARKETING_VERSION = 1.0;
				PRODUCT_BUNDLE_IDENTIFIER = com.blob.APIManager;
				PRODUCT_NAME = "$(TARGET_NAME)";
				SWIFT_EMIT_LOC_STRINGS = YES;
				SWIFT_VERSION = 5.0;
				TARGETED_DEVICE_FAMILY = "1,2";
			};
			name = Debug;
		};
		038DC5292D2FFAB800CCAF30 /* Release */ = {
			isa = XCBuildConfiguration;
			buildSettings = {
				ASSETCATALOG_COMPILER_APPICON_NAME = AppIcon;
				ASSETCATALOG_COMPILER_GLOBAL_ACCENT_COLOR_NAME = AccentColor;
				CODE_SIGN_STYLE = Automatic;
				CURRENT_PROJECT_VERSION = 1;
				GENERATE_INFOPLIST_FILE = YES;
				INFOPLIST_FILE = APIManager/Info.plist;
				INFOPLIST_KEY_UIApplicationSupportsIndirectInputEvents = YES;
				INFOPLIST_KEY_UILaunchStoryboardName = LaunchScreen;
				INFOPLIST_KEY_UIMainStoryboardFile = Main;
				INFOPLIST_KEY_UISupportedInterfaceOrientations_iPad = "UIInterfaceOrientationPortrait UIInterfaceOrientationPortraitUpsideDown UIInterfaceOrientationLandscapeLeft UIInterfaceOrientationLandscapeRight";
				INFOPLIST_KEY_UISupportedInterfaceOrientations_iPhone = "UIInterfaceOrientationPortrait UIInterfaceOrientationLandscapeLeft UIInterfaceOrientationLandscapeRight";
				LD_RUNPATH_SEARCH_PATHS = (
					"$(inherited)",
					"@executable_path/Frameworks",
				);
				MARKETING_VERSION = 1.0;
				PRODUCT_BUNDLE_IDENTIFIER = com.blob.APIManager;
				PRODUCT_NAME = "$(TARGET_NAME)";
				SWIFT_EMIT_LOC_STRINGS = YES;
				SWIFT_VERSION = 5.0;
				TARGETED_DEVICE_FAMILY = "1,2";
			};
			name = Release;
		};
/* End XCBuildConfiguration section */

/* Begin XCConfigurationList section */
		038DC50E2D2FFAB600CCAF30 /* Build configuration list for PBXProject "APIManager" */ = {
			isa = XCConfigurationList;
			buildConfigurations = (
				038DC5252D2FFAB800CCAF30 /* Debug */,
				038DC5262D2FFAB800CCAF30 /* Release */,
			);
			defaultConfigurationIsVisible = 0;
			defaultConfigurationName = Release;
		};
		038DC5272D2FFAB800CCAF30 /* Build configuration list for PBXNativeTarget "APIManager" */ = {
			isa = XCConfigurationList;
			buildConfigurations = (
				038DC5282D2FFAB800CCAF30 /* Debug */,
				038DC5292D2FFAB800CCAF30 /* Release */,
			);
			defaultConfigurationIsVisible = 0;
			defaultConfigurationName = Release;
		};
/* End XCConfigurationList section */
	};
	rootObject = 038DC50B2D2FFAB600CCAF30 /* Project object */;
}
